
Microsoft Visual Studio Solution File, Format Version 12.00
# Visual Studio 15
VisualStudioVersion = 15.0.28307.852
MinimumVisualStudioVersion = 10.0.40219.1
Project("{8BC9CEB8-8B4A-11D0-8D11-00A0C91BC942}") = "ChislMet_Lab3", "ChislMet_Lab3\ChislMet_Lab3.vcxproj", "{626821D7-9DBD-4EB9-BCD9-A139DBF6E29E}"
EndProject
Global
	GlobalSection(SolutionConfigurationPlatforms) = preSolution
		Debug|x64 = Debug|x64
		Debug|x86 = Debug|x86
		Release|x64 = Release|x64
		Release|x86 = Release|x86
	EndGlobalSection
	GlobalSection(ProjectConfigurationPlatforms) = postSolution
		{626821D7-9DBD-4EB9-BCD9-A139DBF6E29E}.Debug|x64.ActiveCfg = Debug|x64
		{626821D7-9DBD-4EB9-BCD9-A139DBF6E29E}.Debug|x64.Build.0 = Debug|x64
		{626821D7-9DBD-4EB9-BCD9-A139DBF6E29E}.Debug|x86.ActiveCfg = Debug|Win32
		{626821D7-9DBD-4EB9-BCD9-A139DBF6E29E}.Debug|x86.Build.0 = Debug|Win32
		{626821D7-9DBD-4EB9-BCD9-A139DBF6E29E}.Release|x64.ActiveCfg = Release|x64
		{626821D7-9DBD-4EB9-BCD9-A139DBF6E29E}.Release|x64.Build.0 = Release|x64
		{626821D7-9DBD-4EB9-BCD9-A139DBF6E29E}.Release|x86.ActiveCfg = Release|Win32
		{626821D7-9DBD-4EB9-BCD9-A139DBF6E29E}.Release|x86.Build.0 = Release|Win32
	EndGlobalSection
	GlobalSection(SolutionProperties) = preSolution
		HideSolutionNode = FALSE
	EndGlobalSection
	GlobalSection(ExtensibilityGlobals) = postSolution
		SolutionGuid = {F9B98DE0-7C79-41ED-A8FA-AD4C3FC713E0}
	EndGlobalSection
EndGlobal
