
Microsoft Visual Studio Solution File, Format Version 12.00
# Visual Studio 15
VisualStudioVersion = 15.0.28307.757
MinimumVisualStudioVersion = 10.0.40219.1
Project("{8BC9CEB8-8B4A-11D0-8D11-00A0C91BC942}") = "ChislMet_Lab1", "ChislMet_Lab1\ChislMet_Lab1.vcxproj", "{BD24A47C-D41F-4253-B372-9B89B99C4ADB}"
EndProject
Global
	GlobalSection(SolutionConfigurationPlatforms) = preSolution
		Debug|x64 = Debug|x64
		Debug|x86 = Debug|x86
		Release|x64 = Release|x64
		Release|x86 = Release|x86
	EndGlobalSection
	GlobalSection(ProjectConfigurationPlatforms) = postSolution
		{BD24A47C-D41F-4253-B372-9B89B99C4ADB}.Debug|x64.ActiveCfg = Debug|x64
		{BD24A47C-D41F-4253-B372-9B89B99C4ADB}.Debug|x64.Build.0 = Debug|x64
		{BD24A47C-D41F-4253-B372-9B89B99C4ADB}.Debug|x86.ActiveCfg = Debug|Win32
		{BD24A47C-D41F-4253-B372-9B89B99C4ADB}.Debug|x86.Build.0 = Debug|Win32
		{BD24A47C-D41F-4253-B372-9B89B99C4ADB}.Release|x64.ActiveCfg = Release|x64
		{BD24A47C-D41F-4253-B372-9B89B99C4ADB}.Release|x64.Build.0 = Release|x64
		{BD24A47C-D41F-4253-B372-9B89B99C4ADB}.Release|x86.ActiveCfg = Release|Win32
		{BD24A47C-D41F-4253-B372-9B89B99C4ADB}.Release|x86.Build.0 = Release|Win32
	EndGlobalSection
	GlobalSection(SolutionProperties) = preSolution
		HideSolutionNode = FALSE
	EndGlobalSection
	GlobalSection(ExtensibilityGlobals) = postSolution
		SolutionGuid = {6A80AC13-B3C8-4270-B1CA-13434F286921}
	EndGlobalSection
EndGlobal
